// !$*UTF8*$!
{
	archiveVersion = 1;
	classes = {
	};
	objectVersion = 56;
	objects = {

/* Begin PBXBuildFile section */
		CE2A8F7729346DE000338A60 /* PayFamApp.swift in Sources */ = {isa = PBXBuildFile; fileRef = CE2A8F7629346DE000338A60 /* PayFamApp.swift */; };
		CE2A8F7929346DE000338A60 /* ContentView.swift in Sources */ = {isa = PBXBuildFile; fileRef = CE2A8F7829346DE000338A60 /* ContentView.swift */; };
		CE2A8F7B29346DE000338A60 /* Assets.xcassets in Resources */ = {isa = PBXBuildFile; fileRef = CE2A8F7A29346DE000338A60 /* Assets.xcassets */; };
		CE2A8F7E29346DE000338A60 /* Preview Assets.xcassets in Resources */ = {isa = PBXBuildFile; fileRef = CE2A8F7D29346DE000338A60 /* Preview Assets.xcassets */; };
		CE2A8F87293474EB00338A60 /* Launch Screen.storyboard in Resources */ = {isa = PBXBuildFile; fileRef = CE2A8F86293474EB00338A60 /* Launch Screen.storyboard */; };
		CE2A8F8B2934793C00338A60 /* MainView.swift in Sources */ = {isa = PBXBuildFile; fileRef = CE2A8F8A2934793C00338A60 /* MainView.swift */; };
		CE2A8F8D2934796100338A60 /* SideMenuView.swift in Sources */ = {isa = PBXBuildFile; fileRef = CE2A8F8C2934796100338A60 /* SideMenuView.swift */; };
		CE2A8F8F293480E300338A60 /* Extensions.swift in Sources */ = {isa = PBXBuildFile; fileRef = CE2A8F8E293480E300338A60 /* Extensions.swift */; };
		CE2A8F92293486AD00338A60 /* SwiftUIFontIcon in Frameworks */ = {isa = PBXBuildFile; productRef = CE2A8F91293486AD00338A60 /* SwiftUIFontIcon */; settings = {ATTRIBUTES = (Required, ); }; };
		CE2A8F952934875300338A60 /* SwiftUI.framework in Frameworks */ = {isa = PBXBuildFile; fileRef = CE2A8F942934875300338A60 /* SwiftUI.framework */; settings = {ATTRIBUTES = (Weak, ); }; };
		CE2A8F972934909400338A60 /* MainTabView.swift in Sources */ = {isa = PBXBuildFile; fileRef = CE2A8F962934909400338A60 /* MainTabView.swift */; };
		CE2A8F9A29349F8100338A60 /* HomeTabView.swift in Sources */ = {isa = PBXBuildFile; fileRef = CE2A8F9929349F8100338A60 /* HomeTabView.swift */; };
		CE2A8FA12934A57600338A60 /* GoogleService-Info.plist in Resources */ = {isa = PBXBuildFile; fileRef = CE2A8FA02934A57600338A60 /* GoogleService-Info.plist */; };
		CE2A8FA42934B45B00338A60 /* LoginView.swift in Sources */ = {isa = PBXBuildFile; fileRef = CE2A8FA32934B45B00338A60 /* LoginView.swift */; };
		CE2A8FA82934B7E400338A60 /* LoginViewModel.swift in Sources */ = {isa = PBXBuildFile; fileRef = CE2A8FA72934B7E400338A60 /* LoginViewModel.swift */; };
		CE2A8FAA2934BA3700338A60 /* VerificationView.swift in Sources */ = {isa = PBXBuildFile; fileRef = CE2A8FA92934BA3700338A60 /* VerificationView.swift */; };
		CE2A8FAD2934D24800338A60 /* Countries.swift in Sources */ = {isa = PBXBuildFile; fileRef = CE2A8FAC2934D24800338A60 /* Countries.swift */; };
		CE2A8FB02934F10C00338A60 /* Numpad.swift in Sources */ = {isa = PBXBuildFile; fileRef = CE2A8FAF2934F10C00338A60 /* Numpad.swift */; };
		CE2A8FB32934FE5F00338A60 /* AlertView.swift in Sources */ = {isa = PBXBuildFile; fileRef = CE2A8FB22934FE5F00338A60 /* AlertView.swift */; };
		CE2A8FB62935615700338A60 /* HomeBalanceSubView.swift in Sources */ = {isa = PBXBuildFile; fileRef = CE2A8FB52935615700338A60 /* HomeBalanceSubView.swift */; };
		CE2A8FB8293561A900338A60 /* HomeCarouselSubView.swift in Sources */ = {isa = PBXBuildFile; fileRef = CE2A8FB7293561A900338A60 /* HomeCarouselSubView.swift */; };
		CE2A8FBA2935620200338A60 /* HomeActionsSubView.swift in Sources */ = {isa = PBXBuildFile; fileRef = CE2A8FB92935620200338A60 /* HomeActionsSubView.swift */; };
		CE2A8FBC2935624500338A60 /* HomePayFamAgain.swift in Sources */ = {isa = PBXBuildFile; fileRef = CE2A8FBB2935624500338A60 /* HomePayFamAgain.swift */; };
		CE2A8FBE2935628C00338A60 /* HomeTransactions.swift in Sources */ = {isa = PBXBuildFile; fileRef = CE2A8FBD2935628C00338A60 /* HomeTransactions.swift */; };
		CE2A8FC1293582E600338A60 /* ProfileModel.swift in Sources */ = {isa = PBXBuildFile; fileRef = CE2A8FC0293582E600338A60 /* ProfileModel.swift */; };
		CE2A8FC4293583D600338A60 /* ProfileViewModel.swift in Sources */ = {isa = PBXBuildFile; fileRef = CE2A8FC3293583D600338A60 /* ProfileViewModel.swift */; };
		CE2A8FC62935851500338A60 /* Contants.swift in Sources */ = {isa = PBXBuildFile; fileRef = CE2A8FC52935851500338A60 /* Contants.swift */; };
		CE93FF3129363CC3007DCCE3 /* SendMoneyView.swift in Sources */ = {isa = PBXBuildFile; fileRef = CE93FF3029363CC3007DCCE3 /* SendMoneyView.swift */; };
		CE93FF3329363E67007DCCE3 /* TransactionModel.swift in Sources */ = {isa = PBXBuildFile; fileRef = CE93FF3229363E67007DCCE3 /* TransactionModel.swift */; };
		CE93FF36293651E6007DCCE3 /* iPhoneNumberField in Frameworks */ = {isa = PBXBuildFile; productRef = CE93FF35293651E6007DCCE3 /* iPhoneNumberField */; };
		CE93FF3929366366007DCCE3 /* FirebaseAuth in Frameworks */ = {isa = PBXBuildFile; productRef = CE93FF3829366366007DCCE3 /* FirebaseAuth */; };
		CE93FF3B29366366007DCCE3 /* FirebaseAuthCombine-Community in Frameworks */ = {isa = PBXBuildFile; productRef = CE93FF3A29366366007DCCE3 /* FirebaseAuthCombine-Community */; };
		CE93FF3D29366366007DCCE3 /* FirebaseFirestore in Frameworks */ = {isa = PBXBuildFile; productRef = CE93FF3C29366366007DCCE3 /* FirebaseFirestore */; };
		CE93FF3F29366366007DCCE3 /* FirebaseFirestoreCombine-Community in Frameworks */ = {isa = PBXBuildFile; productRef = CE93FF3E29366366007DCCE3 /* FirebaseFirestoreCombine-Community */; };
		CE93FF4129366366007DCCE3 /* FirebaseFirestoreSwift in Frameworks */ = {isa = PBXBuildFile; productRef = CE93FF4029366366007DCCE3 /* FirebaseFirestoreSwift */; };
		CE93FF4329366CE6007DCCE3 /* TransactionListView.swift in Sources */ = {isa = PBXBuildFile; fileRef = CE93FF4229366CE6007DCCE3 /* TransactionListView.swift */; };
		CEB6ECC92937EC9D007F432D /* WalletButtonView.swift in Sources */ = {isa = PBXBuildFile; fileRef = CEB6ECC82937EC9D007F432D /* WalletButtonView.swift */; };
		CED3DD132939452C002696A5 /* WalletConnectSwift in Frameworks */ = {isa = PBXBuildFile; productRef = CED3DD122939452C002696A5 /* WalletConnectSwift */; };
		CED3DD15293945BD002696A5 /* Wallet.swift in Sources */ = {isa = PBXBuildFile; fileRef = CED3DD14293945BD002696A5 /* Wallet.swift */; };
		CED3DD182939462D002696A5 /* Web3InteractionViewModel.swift in Sources */ = {isa = PBXBuildFile; fileRef = CED3DD172939462D002696A5 /* Web3InteractionViewModel.swift */; };
		CED3DD1A2939467E002696A5 /* WalletConnect.swift in Sources */ = {isa = PBXBuildFile; fileRef = CED3DD192939467E002696A5 /* WalletConnect.swift */; };
/* End PBXBuildFile section */

/* Begin PBXFileReference section */
		CE2A8F7329346DE000338A60 /* PayFam.app */ = {isa = PBXFileReference; explicitFileType = wrapper.application; includeInIndex = 0; path = PayFam.app; sourceTree = BUILT_PRODUCTS_DIR; };
		CE2A8F7629346DE000338A60 /* PayFamApp.swift */ = {isa = PBXFileReference; lastKnownFileType = sourcecode.swift; path = PayFamApp.swift; sourceTree = "<group>"; };
		CE2A8F7829346DE000338A60 /* ContentView.swift */ = {isa = PBXFileReference; lastKnownFileType = sourcecode.swift; path = ContentView.swift; sourceTree = "<group>"; };
		CE2A8F7A29346DE000338A60 /* Assets.xcassets */ = {isa = PBXFileReference; lastKnownFileType = folder.assetcatalog; path = Assets.xcassets; sourceTree = "<group>"; };
		CE2A8F7D29346DE000338A60 /* Preview Assets.xcassets */ = {isa = PBXFileReference; lastKnownFileType = folder.assetcatalog; path = "Preview Assets.xcassets"; sourceTree = "<group>"; };
		CE2A8F86293474EB00338A60 /* Launch Screen.storyboard */ = {isa = PBXFileReference; lastKnownFileType = file.storyboard; path = "Launch Screen.storyboard"; sourceTree = "<group>"; };
		CE2A8F8A2934793C00338A60 /* MainView.swift */ = {isa = PBXFileReference; lastKnownFileType = sourcecode.swift; path = MainView.swift; sourceTree = "<group>"; };
		CE2A8F8C2934796100338A60 /* SideMenuView.swift */ = {isa = PBXFileReference; lastKnownFileType = sourcecode.swift; path = SideMenuView.swift; sourceTree = "<group>"; };
		CE2A8F8E293480E300338A60 /* Extensions.swift */ = {isa = PBXFileReference; lastKnownFileType = sourcecode.swift; path = Extensions.swift; sourceTree = "<group>"; };
		CE2A8F942934875300338A60 /* SwiftUI.framework */ = {isa = PBXFileReference; lastKnownFileType = wrapper.framework; name = SwiftUI.framework; path = System/Library/Frameworks/SwiftUI.framework; sourceTree = SDKROOT; };
		CE2A8F962934909400338A60 /* MainTabView.swift */ = {isa = PBXFileReference; lastKnownFileType = sourcecode.swift; path = MainTabView.swift; sourceTree = "<group>"; };
		CE2A8F9929349F8100338A60 /* HomeTabView.swift */ = {isa = PBXFileReference; lastKnownFileType = sourcecode.swift; path = HomeTabView.swift; sourceTree = "<group>"; };
		CE2A8FA02934A57600338A60 /* GoogleService-Info.plist */ = {isa = PBXFileReference; fileEncoding = 4; lastKnownFileType = text.plist.xml; path = "GoogleService-Info.plist"; sourceTree = "<group>"; };
		CE2A8FA32934B45B00338A60 /* LoginView.swift */ = {isa = PBXFileReference; lastKnownFileType = sourcecode.swift; path = LoginView.swift; sourceTree = "<group>"; };
		CE2A8FA72934B7E400338A60 /* LoginViewModel.swift */ = {isa = PBXFileReference; lastKnownFileType = sourcecode.swift; path = LoginViewModel.swift; sourceTree = "<group>"; };
		CE2A8FA92934BA3700338A60 /* VerificationView.swift */ = {isa = PBXFileReference; lastKnownFileType = sourcecode.swift; path = VerificationView.swift; sourceTree = "<group>"; };
		CE2A8FAC2934D24800338A60 /* Countries.swift */ = {isa = PBXFileReference; lastKnownFileType = sourcecode.swift; path = Countries.swift; sourceTree = "<group>"; };
		CE2A8FAF2934F10C00338A60 /* Numpad.swift */ = {isa = PBXFileReference; lastKnownFileType = sourcecode.swift; path = Numpad.swift; sourceTree = "<group>"; };
		CE2A8FB12934F64000338A60 /* Info.plist */ = {isa = PBXFileReference; lastKnownFileType = text.plist; path = Info.plist; sourceTree = "<group>"; };
		CE2A8FB22934FE5F00338A60 /* AlertView.swift */ = {isa = PBXFileReference; lastKnownFileType = sourcecode.swift; path = AlertView.swift; sourceTree = "<group>"; };
		CE2A8FB52935615700338A60 /* HomeBalanceSubView.swift */ = {isa = PBXFileReference; lastKnownFileType = sourcecode.swift; path = HomeBalanceSubView.swift; sourceTree = "<group>"; };
		CE2A8FB7293561A900338A60 /* HomeCarouselSubView.swift */ = {isa = PBXFileReference; lastKnownFileType = sourcecode.swift; path = HomeCarouselSubView.swift; sourceTree = "<group>"; };
		CE2A8FB92935620200338A60 /* HomeActionsSubView.swift */ = {isa = PBXFileReference; lastKnownFileType = sourcecode.swift; path = HomeActionsSubView.swift; sourceTree = "<group>"; };
		CE2A8FBB2935624500338A60 /* HomePayFamAgain.swift */ = {isa = PBXFileReference; lastKnownFileType = sourcecode.swift; path = HomePayFamAgain.swift; sourceTree = "<group>"; };
		CE2A8FBD2935628C00338A60 /* HomeTransactions.swift */ = {isa = PBXFileReference; lastKnownFileType = sourcecode.swift; path = HomeTransactions.swift; sourceTree = "<group>"; };
		CE2A8FC0293582E600338A60 /* ProfileModel.swift */ = {isa = PBXFileReference; lastKnownFileType = sourcecode.swift; path = ProfileModel.swift; sourceTree = "<group>"; };
		CE2A8FC3293583D600338A60 /* ProfileViewModel.swift */ = {isa = PBXFileReference; lastKnownFileType = sourcecode.swift; path = ProfileViewModel.swift; sourceTree = "<group>"; };
		CE2A8FC52935851500338A60 /* Contants.swift */ = {isa = PBXFileReference; lastKnownFileType = sourcecode.swift; path = Contants.swift; sourceTree = "<group>"; };
		CE93FF3029363CC3007DCCE3 /* SendMoneyView.swift */ = {isa = PBXFileReference; lastKnownFileType = sourcecode.swift; path = SendMoneyView.swift; sourceTree = "<group>"; };
		CE93FF3229363E67007DCCE3 /* TransactionModel.swift */ = {isa = PBXFileReference; lastKnownFileType = sourcecode.swift; path = TransactionModel.swift; sourceTree = "<group>"; };
		CE93FF4229366CE6007DCCE3 /* TransactionListView.swift */ = {isa = PBXFileReference; lastKnownFileType = sourcecode.swift; path = TransactionListView.swift; sourceTree = "<group>"; };
		CEB6ECC82937EC9D007F432D /* WalletButtonView.swift */ = {isa = PBXFileReference; lastKnownFileType = sourcecode.swift; path = WalletButtonView.swift; sourceTree = "<group>"; };
		CED3DD14293945BD002696A5 /* Wallet.swift */ = {isa = PBXFileReference; lastKnownFileType = sourcecode.swift; path = Wallet.swift; sourceTree = "<group>"; };
		CED3DD172939462D002696A5 /* Web3InteractionViewModel.swift */ = {isa = PBXFileReference; lastKnownFileType = sourcecode.swift; path = Web3InteractionViewModel.swift; sourceTree = "<group>"; };
		CED3DD192939467E002696A5 /* WalletConnect.swift */ = {isa = PBXFileReference; lastKnownFileType = sourcecode.swift; path = WalletConnect.swift; sourceTree = "<group>"; };
/* End PBXFileReference section */

/* Begin PBXFrameworksBuildPhase section */
		CE2A8F7029346DE000338A60 /* Frameworks */ = {
			isa = PBXFrameworksBuildPhase;
			buildActionMask = 2147483647;
			files = (
				CED3DD132939452C002696A5 /* WalletConnectSwift in Frameworks */,
				CE2A8F952934875300338A60 /* SwiftUI.framework in Frameworks */,
				CE2A8F92293486AD00338A60 /* SwiftUIFontIcon in Frameworks */,
				CE93FF36293651E6007DCCE3 /* iPhoneNumberField in Frameworks */,
				CE93FF3929366366007DCCE3 /* FirebaseAuth in Frameworks */,
				CE93FF3B29366366007DCCE3 /* FirebaseAuthCombine-Community in Frameworks */,
				CE93FF3D29366366007DCCE3 /* FirebaseFirestore in Frameworks */,
				CE93FF3F29366366007DCCE3 /* FirebaseFirestoreCombine-Community in Frameworks */,
				CE93FF4129366366007DCCE3 /* FirebaseFirestoreSwift in Frameworks */,
			);
			runOnlyForDeploymentPostprocessing = 0;
		};
/* End PBXFrameworksBuildPhase section */

/* Begin PBXGroup section */
		CE2A8F6A29346DE000338A60 = {
			isa = PBXGroup;
			children = (
				CE2A8F7529346DE000338A60 /* PayFam */,
				CE2A8F7429346DE000338A60 /* Products */,
				CE2A8F932934875300338A60 /* Frameworks */,
			);
			sourceTree = "<group>";
		};
		CE2A8F7429346DE000338A60 /* Products */ = {
			isa = PBXGroup;
			children = (
				CE2A8F7329346DE000338A60 /* PayFam.app */,
			);
			name = Products;
			sourceTree = "<group>";
		};
		CE2A8F7529346DE000338A60 /* PayFam */ = {
			isa = PBXGroup;
			children = (
				CE2A8FB12934F64000338A60 /* Info.plist */,
				CE2A8FAB2934D21B00338A60 /* Models */,
				CE2A8FA52934B7B600338A60 /* ViewModels */,
				CE2A8F88293478F400338A60 /* Views */,
				CE2A8F7629346DE000338A60 /* PayFamApp.swift */,
				CE2A8FC52935851500338A60 /* Contants.swift */,
				CE2A8F8E293480E300338A60 /* Extensions.swift */,
				CE2A8F7829346DE000338A60 /* ContentView.swift */,
				CE2A8F86293474EB00338A60 /* Launch Screen.storyboard */,
				CE2A8F7A29346DE000338A60 /* Assets.xcassets */,
				CE2A8FA02934A57600338A60 /* GoogleService-Info.plist */,
				CE2A8F7C29346DE000338A60 /* Preview Content */,
			);
			path = PayFam;
			sourceTree = "<group>";
		};
		CE2A8F7C29346DE000338A60 /* Preview Content */ = {
			isa = PBXGroup;
			children = (
				CE2A8F7D29346DE000338A60 /* Preview Assets.xcassets */,
			);
			path = "Preview Content";
			sourceTree = "<group>";
		};
		CE2A8F88293478F400338A60 /* Views */ = {
			isa = PBXGroup;
			children = (
				CE2A8FAE2934F0ED00338A60 /* Components */,
				CE2A8FA22934B44500338A60 /* Session */,
				CE2A8F892934791D00338A60 /* Main */,
				CE93FF3029363CC3007DCCE3 /* SendMoneyView.swift */,
			);
			path = Views;
			sourceTree = "<group>";
		};
		CE2A8F892934791D00338A60 /* Main */ = {
			isa = PBXGroup;
			children = (
				CE2A8F9829349F6200338A60 /* Tabs */,
				CE2A8F8A2934793C00338A60 /* MainView.swift */,
				CE2A8F8C2934796100338A60 /* SideMenuView.swift */,
				CE2A8F962934909400338A60 /* MainTabView.swift */,
			);
			path = Main;
			sourceTree = "<group>";
		};
		CE2A8F932934875300338A60 /* Frameworks */ = {
			isa = PBXGroup;
			children = (
				CE2A8F942934875300338A60 /* SwiftUI.framework */,
			);
			name = Frameworks;
			sourceTree = "<group>";
		};
		CE2A8F9829349F6200338A60 /* Tabs */ = {
			isa = PBXGroup;
			children = (
				CE2A8F9929349F8100338A60 /* HomeTabView.swift */,
			);
			path = Tabs;
			sourceTree = "<group>";
		};
		CE2A8FA22934B44500338A60 /* Session */ = {
			isa = PBXGroup;
			children = (
				CE2A8FA32934B45B00338A60 /* LoginView.swift */,
				CE2A8FA92934BA3700338A60 /* VerificationView.swift */,
			);
			path = Session;
			sourceTree = "<group>";
		};
		CE2A8FA52934B7B600338A60 /* ViewModels */ = {
			isa = PBXGroup;
			children = (
				CED3DD1629394606002696A5 /* Web3 */,
				CE2A8FC2293583B600338A60 /* Profile */,
				CE2A8FA62934B7C700338A60 /* Session */,
			);
			path = ViewModels;
			sourceTree = "<group>";
		};
		CE2A8FA62934B7C700338A60 /* Session */ = {
			isa = PBXGroup;
			children = (
				CE2A8FA72934B7E400338A60 /* LoginViewModel.swift */,
			);
			path = Session;
			sourceTree = "<group>";
		};
		CE2A8FAB2934D21B00338A60 /* Models */ = {
			isa = PBXGroup;
			children = (
				CE2A8FAC2934D24800338A60 /* Countries.swift */,
				CE2A8FC0293582E600338A60 /* ProfileModel.swift */,
				CE93FF3229363E67007DCCE3 /* TransactionModel.swift */,
				CED3DD14293945BD002696A5 /* Wallet.swift */,
			);
			path = Models;
			sourceTree = "<group>";
		};
		CE2A8FAE2934F0ED00338A60 /* Components */ = {
			isa = PBXGroup;
			children = (
				CEB6ECC72937EC89007F432D /* Web3 */,
				CE2A8FBF2935803100338A60 /* Transactions */,
				CE2A8FB42935613500338A60 /* Home */,
				CE2A8FAF2934F10C00338A60 /* Numpad.swift */,
				CE2A8FB22934FE5F00338A60 /* AlertView.swift */,
			);
			path = Components;
			sourceTree = "<group>";
		};
		CE2A8FB42935613500338A60 /* Home */ = {
			isa = PBXGroup;
			children = (
				CE2A8FB52935615700338A60 /* HomeBalanceSubView.swift */,
				CE2A8FB7293561A900338A60 /* HomeCarouselSubView.swift */,
				CE2A8FB92935620200338A60 /* HomeActionsSubView.swift */,
				CE2A8FBB2935624500338A60 /* HomePayFamAgain.swift */,
				CE2A8FBD2935628C00338A60 /* HomeTransactions.swift */,
			);
			path = Home;
			sourceTree = "<group>";
		};
		CE2A8FBF2935803100338A60 /* Transactions */ = {
			isa = PBXGroup;
			children = (
				CE93FF4229366CE6007DCCE3 /* TransactionListView.swift */,
			);
			path = Transactions;
			sourceTree = "<group>";
		};
		CE2A8FC2293583B600338A60 /* Profile */ = {
			isa = PBXGroup;
			children = (
				CE2A8FC3293583D600338A60 /* ProfileViewModel.swift */,
			);
			path = Profile;
			sourceTree = "<group>";
		};
		CEB6ECC72937EC89007F432D /* Web3 */ = {
			isa = PBXGroup;
			children = (
				CEB6ECC82937EC9D007F432D /* WalletButtonView.swift */,
			);
			path = Web3;
			sourceTree = "<group>";
		};
		CED3DD1629394606002696A5 /* Web3 */ = {
			isa = PBXGroup;
			children = (
				CED3DD172939462D002696A5 /* Web3InteractionViewModel.swift */,
				CED3DD192939467E002696A5 /* WalletConnect.swift */,
			);
			path = Web3;
			sourceTree = "<group>";
		};
/* End PBXGroup section */

/* Begin PBXNativeTarget section */
		CE2A8F7229346DE000338A60 /* PayFam */ = {
			isa = PBXNativeTarget;
			buildConfigurationList = CE2A8F8129346DE000338A60 /* Build configuration list for PBXNativeTarget "PayFam" */;
			buildPhases = (
				7E3C2067D0E73B922EE2619E /* [CP] Check Pods Manifest.lock */,
				CE2A8F6F29346DE000338A60 /* Sources */,
				CE2A8F7029346DE000338A60 /* Frameworks */,
				CE2A8F7129346DE000338A60 /* Resources */,
			);
			buildRules = (
			);
			dependencies = (
			);
			name = PayFam;
			packageProductDependencies = (
				CE2A8F91293486AD00338A60 /* SwiftUIFontIcon */,
				CE93FF35293651E6007DCCE3 /* iPhoneNumberField */,
				CE93FF3829366366007DCCE3 /* FirebaseAuth */,
				CE93FF3A29366366007DCCE3 /* FirebaseAuthCombine-Community */,
				CE93FF3C29366366007DCCE3 /* FirebaseFirestore */,
				CE93FF3E29366366007DCCE3 /* FirebaseFirestoreCombine-Community */,
				CE93FF4029366366007DCCE3 /* FirebaseFirestoreSwift */,
				CED3DD122939452C002696A5 /* WalletConnectSwift */,
			);
			productName = PayFam;
			productReference = CE2A8F7329346DE000338A60 /* PayFam.app */;
			productType = "com.apple.product-type.application";
		};
/* End PBXNativeTarget section */

/* Begin PBXProject section */
		CE2A8F6B29346DE000338A60 /* Project object */ = {
			isa = PBXProject;
			attributes = {
				BuildIndependentTargetsInParallel = 1;
				LastSwiftUpdateCheck = 1410;
				LastUpgradeCheck = 1410;
				TargetAttributes = {
					CE2A8F7229346DE000338A60 = {
						CreatedOnToolsVersion = 14.1;
					};
				};
			};
			buildConfigurationList = CE2A8F6E29346DE000338A60 /* Build configuration list for PBXProject "PayFam" */;
			compatibilityVersion = "Xcode 14.0";
			developmentRegion = en;
			hasScannedForEncodings = 0;
			knownRegions = (
				en,
				Base,
			);
			mainGroup = CE2A8F6A29346DE000338A60;
			packageReferences = (
				CE2A8F90293486AD00338A60 /* XCRemoteSwiftPackageReference "SwiftUIFontIcon" */,
				CE93FF34293651E6007DCCE3 /* XCRemoteSwiftPackageReference "iPhoneNumberField" */,
				CE93FF3729366366007DCCE3 /* XCRemoteSwiftPackageReference "firebase-ios-sdk" */,
				CED3DD112939452C002696A5 /* XCRemoteSwiftPackageReference "WalletConnectSwift" */,
			);
			productRefGroup = CE2A8F7429346DE000338A60 /* Products */;
			projectDirPath = "";
			projectRoot = "";
			targets = (
				CE2A8F7229346DE000338A60 /* PayFam */,
			);
		};
/* End PBXProject section */

/* Begin PBXResourcesBuildPhase section */
		CE2A8F7129346DE000338A60 /* Resources */ = {
			isa = PBXResourcesBuildPhase;
			buildActionMask = 2147483647;
			files = (
				CE2A8F87293474EB00338A60 /* Launch Screen.storyboard in Resources */,
				CE2A8FA12934A57600338A60 /* GoogleService-Info.plist in Resources */,
				CE2A8F7E29346DE000338A60 /* Preview Assets.xcassets in Resources */,
				CE2A8F7B29346DE000338A60 /* Assets.xcassets in Resources */,
			);
			runOnlyForDeploymentPostprocessing = 0;
		};
/* End PBXResourcesBuildPhase section */

/* Begin PBXShellScriptBuildPhase section */
		7E3C2067D0E73B922EE2619E /* [CP] Check Pods Manifest.lock */ = {
			isa = PBXShellScriptBuildPhase;
			buildActionMask = 2147483647;
			files = (
			);
			inputFileListPaths = (
			);
			inputPaths = (
				"${PODS_PODFILE_DIR_PATH}/Podfile.lock",
				"${PODS_ROOT}/Manifest.lock",
			);
			name = "[CP] Check Pods Manifest.lock";
			outputFileListPaths = (
			);
			outputPaths = (
				"$(DERIVED_FILE_DIR)/Pods-PayFam-checkManifestLockResult.txt",
			);
			runOnlyForDeploymentPostprocessing = 0;
			shellPath = /bin/sh;
			shellScript = "
";
			showEnvVarsInLog = 0;
		};
/* End PBXShellScriptBuildPhase section */

/* Begin PBXSourcesBuildPhase section */
		CE2A8F6F29346DE000338A60 /* Sources */ = {
			isa = PBXSourcesBuildPhase;
			buildActionMask = 2147483647;
			files = (
				CED3DD15293945BD002696A5 /* Wallet.swift in Sources */,
				CE2A8FAD2934D24800338A60 /* Countries.swift in Sources */,
				CE2A8F8F293480E300338A60 /* Extensions.swift in Sources */,
				CE2A8FBA2935620200338A60 /* HomeActionsSubView.swift in Sources */,
				CE2A8F7929346DE000338A60 /* ContentView.swift in Sources */,
				CEB6ECC92937EC9D007F432D /* WalletButtonView.swift in Sources */,
				CE93FF3329363E67007DCCE3 /* TransactionModel.swift in Sources */,
				CE2A8FB8293561A900338A60 /* HomeCarouselSubView.swift in Sources */,
				CE2A8FB62935615700338A60 /* HomeBalanceSubView.swift in Sources */,
				CE2A8F8B2934793C00338A60 /* MainView.swift in Sources */,
				CE2A8FB02934F10C00338A60 /* Numpad.swift in Sources */,
				CE2A8FBC2935624500338A60 /* HomePayFamAgain.swift in Sources */,
				CE2A8FC1293582E600338A60 /* ProfileModel.swift in Sources */,
				CE2A8FBE2935628C00338A60 /* HomeTransactions.swift in Sources */,
				CE2A8F8D2934796100338A60 /* SideMenuView.swift in Sources */,
				CE2A8F9A29349F8100338A60 /* HomeTabView.swift in Sources */,
				CE2A8FAA2934BA3700338A60 /* VerificationView.swift in Sources */,
				CED3DD1A2939467E002696A5 /* WalletConnect.swift in Sources */,
				CE2A8FC4293583D600338A60 /* ProfileViewModel.swift in Sources */,
				CE2A8FB32934FE5F00338A60 /* AlertView.swift in Sources */,
				CE93FF4329366CE6007DCCE3 /* TransactionListView.swift in Sources */,
				CE2A8F7729346DE000338A60 /* PayFamApp.swift in Sources */,
				CE93FF3129363CC3007DCCE3 /* SendMoneyView.swift in Sources */,
				CE2A8FC62935851500338A60 /* Contants.swift in Sources */,
				CE2A8FA42934B45B00338A60 /* LoginView.swift in Sources */,
				CED3DD182939462D002696A5 /* Web3InteractionViewModel.swift in Sources */,
				CE2A8F972934909400338A60 /* MainTabView.swift in Sources */,
				CE2A8FA82934B7E400338A60 /* LoginViewModel.swift in Sources */,
			);
			runOnlyForDeploymentPostprocessing = 0;
		};
/* End PBXSourcesBuildPhase section */

/* Begin XCBuildConfiguration section */
		CE2A8F7F29346DE000338A60 /* Debug */ = {
			isa = XCBuildConfiguration;
			buildSettings = {
				ALWAYS_SEARCH_USER_PATHS = NO;
				CLANG_ANALYZER_NONNULL = YES;
				CLANG_ANALYZER_NUMBER_OBJECT_CONVERSION = YES_AGGRESSIVE;
				CLANG_CXX_LANGUAGE_STANDARD = "gnu++20";
				CLANG_ENABLE_MODULES = YES;
				CLANG_ENABLE_OBJC_ARC = YES;
				CLANG_ENABLE_OBJC_WEAK = YES;
				CLANG_WARN_BLOCK_CAPTURE_AUTORELEASING = YES;
				CLANG_WARN_BOOL_CONVERSION = YES;
				CLANG_WARN_COMMA = YES;
				CLANG_WARN_CONSTANT_CONVERSION = YES;
				CLANG_WARN_DEPRECATED_OBJC_IMPLEMENTATIONS = YES;
				CLANG_WARN_DIRECT_OBJC_ISA_USAGE = YES_ERROR;
				CLANG_WARN_DOCUMENTATION_COMMENTS = YES;
				CLANG_WARN_EMPTY_BODY = YES;
				CLANG_WARN_ENUM_CONVERSION = YES;
				CLANG_WARN_INFINITE_RECURSION = YES;
				CLANG_WARN_INT_CONVERSION = YES;
				CLANG_WARN_NON_LITERAL_NULL_CONVERSION = YES;
				CLANG_WARN_OBJC_IMPLICIT_RETAIN_SELF = YES;
				CLANG_WARN_OBJC_LITERAL_CONVERSION = YES;
				CLANG_WARN_OBJC_ROOT_CLASS = YES_ERROR;
				CLANG_WARN_QUOTED_INCLUDE_IN_FRAMEWORK_HEADER = YES;
				CLANG_WARN_RANGE_LOOP_ANALYSIS = YES;
				CLANG_WARN_STRICT_PROTOTYPES = YES;
				CLANG_WARN_SUSPICIOUS_MOVE = YES;
				CLANG_WARN_UNGUARDED_AVAILABILITY = YES_AGGRESSIVE;
				CLANG_WARN_UNREACHABLE_CODE = YES;
				CLANG_WARN__DUPLICATE_METHOD_MATCH = YES;
				COPY_PHASE_STRIP = NO;
				DEBUG_INFORMATION_FORMAT = dwarf;
				ENABLE_STRICT_OBJC_MSGSEND = YES;
				ENABLE_TESTABILITY = YES;
				GCC_C_LANGUAGE_STANDARD = gnu11;
				GCC_DYNAMIC_NO_PIC = NO;
				GCC_NO_COMMON_BLOCKS = YES;
				GCC_OPTIMIZATION_LEVEL = 0;
				GCC_PREPROCESSOR_DEFINITIONS = (
					"DEBUG=1",
					"$(inherited)",
				);
				GCC_WARN_64_TO_32_BIT_CONVERSION = YES;
				GCC_WARN_ABOUT_RETURN_TYPE = YES_ERROR;
				GCC_WARN_UNDECLARED_SELECTOR = YES;
				GCC_WARN_UNINITIALIZED_AUTOS = YES_AGGRESSIVE;
				GCC_WARN_UNUSED_FUNCTION = YES;
				GCC_WARN_UNUSED_VARIABLE = YES;
				IPHONEOS_DEPLOYMENT_TARGET = 16.1;
				MTL_ENABLE_DEBUG_INFO = INCLUDE_SOURCE;
				MTL_FAST_MATH = YES;
				ONLY_ACTIVE_ARCH = YES;
				SDKROOT = iphoneos;
				SWIFT_ACTIVE_COMPILATION_CONDITIONS = DEBUG;
				SWIFT_OPTIMIZATION_LEVEL = "-Onone";
			};
			name = Debug;
		};
		CE2A8F8029346DE000338A60 /* Release */ = {
			isa = XCBuildConfiguration;
			buildSettings = {
				ALWAYS_SEARCH_USER_PATHS = NO;
				CLANG_ANALYZER_NONNULL = YES;
				CLANG_ANALYZER_NUMBER_OBJECT_CONVERSION = YES_AGGRESSIVE;
				CLANG_CXX_LANGUAGE_STANDARD = "gnu++20";
				CLANG_ENABLE_MODULES = YES;
				CLANG_ENABLE_OBJC_ARC = YES;
				CLANG_ENABLE_OBJC_WEAK = YES;
				CLANG_WARN_BLOCK_CAPTURE_AUTORELEASING = YES;
				CLANG_WARN_BOOL_CONVERSION = YES;
				CLANG_WARN_COMMA = YES;
				CLANG_WARN_CONSTANT_CONVERSION = YES;
				CLANG_WARN_DEPRECATED_OBJC_IMPLEMENTATIONS = YES;
				CLANG_WARN_DIRECT_OBJC_ISA_USAGE = YES_ERROR;
				CLANG_WARN_DOCUMENTATION_COMMENTS = YES;
				CLANG_WARN_EMPTY_BODY = YES;
				CLANG_WARN_ENUM_CONVERSION = YES;
				CLANG_WARN_INFINITE_RECURSION = YES;
				CLANG_WARN_INT_CONVERSION = YES;
				CLANG_WARN_NON_LITERAL_NULL_CONVERSION = YES;
				CLANG_WARN_OBJC_IMPLICIT_RETAIN_SELF = YES;
				CLANG_WARN_OBJC_LITERAL_CONVERSION = YES;
				CLANG_WARN_OBJC_ROOT_CLASS = YES_ERROR;
				CLANG_WARN_QUOTED_INCLUDE_IN_FRAMEWORK_HEADER = YES;
				CLANG_WARN_RANGE_LOOP_ANALYSIS = YES;
				CLANG_WARN_STRICT_PROTOTYPES = YES;
				CLANG_WARN_SUSPICIOUS_MOVE = YES;
				CLANG_WARN_UNGUARDED_AVAILABILITY = YES_AGGRESSIVE;
				CLANG_WARN_UNREACHABLE_CODE = YES;
				CLANG_WARN__DUPLICATE_METHOD_MATCH = YES;
				COPY_PHASE_STRIP = NO;
				DEBUG_INFORMATION_FORMAT = "dwarf-with-dsym";
				ENABLE_NS_ASSERTIONS = NO;
				ENABLE_STRICT_OBJC_MSGSEND = YES;
				GCC_C_LANGUAGE_STANDARD = gnu11;
				GCC_NO_COMMON_BLOCKS = YES;
				GCC_WARN_64_TO_32_BIT_CONVERSION = YES;
				GCC_WARN_ABOUT_RETURN_TYPE = YES_ERROR;
				GCC_WARN_UNDECLARED_SELECTOR = YES;
				GCC_WARN_UNINITIALIZED_AUTOS = YES_AGGRESSIVE;
				GCC_WARN_UNUSED_FUNCTION = YES;
				GCC_WARN_UNUSED_VARIABLE = YES;
				IPHONEOS_DEPLOYMENT_TARGET = 16.1;
				MTL_ENABLE_DEBUG_INFO = NO;
				MTL_FAST_MATH = YES;
				SDKROOT = iphoneos;
				SWIFT_COMPILATION_MODE = wholemodule;
				SWIFT_OPTIMIZATION_LEVEL = "-O";
				VALIDATE_PRODUCT = YES;
			};
			name = Release;
		};
		CE2A8F8229346DE000338A60 /* Debug */ = {
			isa = XCBuildConfiguration;
			buildSettings = {
				ASSETCATALOG_COMPILER_APPICON_NAME = AppIcon;
				ASSETCATALOG_COMPILER_GLOBAL_ACCENT_COLOR_NAME = AccentColor;
				ASSETCATALOG_COMPILER_INCLUDE_ALL_APPICON_ASSETS = YES;
				CODE_SIGN_STYLE = Automatic;
				CURRENT_PROJECT_VERSION = 1;
				DEVELOPMENT_ASSET_PATHS = "\"PayFam/Preview Content\"";
				DEVELOPMENT_TEAM = P6KSPS7Z92;
				ENABLE_PREVIEWS = YES;
				GENERATE_INFOPLIST_FILE = YES;
				INFOPLIST_FILE = PayFam/Info.plist;
				INFOPLIST_KEY_CFBundleDisplayName = PayFam;
				INFOPLIST_KEY_LSApplicationCategoryType = "public.app-category.finance";
				INFOPLIST_KEY_UIApplicationSceneManifest_Generation = YES;
				INFOPLIST_KEY_UIApplicationSupportsIndirectInputEvents = YES;
				INFOPLIST_KEY_UILaunchScreen_Generation = YES;
				INFOPLIST_KEY_UILaunchStoryboardName = "Launch Screen.storyboard";
				INFOPLIST_KEY_UISupportedInterfaceOrientations_iPad = "UIInterfaceOrientationPortrait UIInterfaceOrientationPortraitUpsideDown UIInterfaceOrientationLandscapeLeft UIInterfaceOrientationLandscapeRight";
				INFOPLIST_KEY_UISupportedInterfaceOrientations_iPhone = "UIInterfaceOrientationPortrait UIInterfaceOrientationLandscapeLeft UIInterfaceOrientationLandscapeRight";
				LD_RUNPATH_SEARCH_PATHS = (
					"$(inherited)",
					"@executable_path/Frameworks",
				);
				MARKETING_VERSION = 1.0;
				PRODUCT_BUNDLE_IDENTIFIER = com.bidopalabs.PayFam;
				PRODUCT_NAME = "$(TARGET_NAME)";
				SWIFT_EMIT_LOC_STRINGS = YES;
				SWIFT_VERSION = 5.0;
				TARGETED_DEVICE_FAMILY = "1,2";
			};
			name = Debug;
		};
		CE2A8F8329346DE000338A60 /* Release */ = {
			isa = XCBuildConfiguration;
			buildSettings = {
				ASSETCATALOG_COMPILER_APPICON_NAME = AppIcon;
				ASSETCATALOG_COMPILER_GLOBAL_ACCENT_COLOR_NAME = AccentColor;
				ASSETCATALOG_COMPILER_INCLUDE_ALL_APPICON_ASSETS = YES;
				CODE_SIGN_STYLE = Automatic;
				CURRENT_PROJECT_VERSION = 1;
				DEVELOPMENT_ASSET_PATHS = "\"PayFam/Preview Content\"";
				DEVELOPMENT_TEAM = P6KSPS7Z92;
				ENABLE_PREVIEWS = YES;
				GENERATE_INFOPLIST_FILE = YES;
				INFOPLIST_FILE = PayFam/Info.plist;
				INFOPLIST_KEY_CFBundleDisplayName = PayFam;
				INFOPLIST_KEY_LSApplicationCategoryType = "public.app-category.finance";
				INFOPLIST_KEY_UIApplicationSceneManifest_Generation = YES;
				INFOPLIST_KEY_UIApplicationSupportsIndirectInputEvents = YES;
				INFOPLIST_KEY_UILaunchScreen_Generation = YES;
				INFOPLIST_KEY_UILaunchStoryboardName = "Launch Screen.storyboard";
				INFOPLIST_KEY_UISupportedInterfaceOrientations_iPad = "UIInterfaceOrientationPortrait UIInterfaceOrientationPortraitUpsideDown UIInterfaceOrientationLandscapeLeft UIInterfaceOrientationLandscapeRight";
				INFOPLIST_KEY_UISupportedInterfaceOrientations_iPhone = "UIInterfaceOrientationPortrait UIInterfaceOrientationLandscapeLeft UIInterfaceOrientationLandscapeRight";
				LD_RUNPATH_SEARCH_PATHS = (
					"$(inherited)",
					"@executable_path/Frameworks",
				);
				MARKETING_VERSION = 1.0;
				PRODUCT_BUNDLE_IDENTIFIER = com.bidopalabs.PayFam;
				PRODUCT_NAME = "$(TARGET_NAME)";
				SWIFT_EMIT_LOC_STRINGS = YES;
				SWIFT_VERSION = 5.0;
				TARGETED_DEVICE_FAMILY = "1,2";
			};
			name = Release;
		};
/* End XCBuildConfiguration section */

/* Begin XCConfigurationList section */
		CE2A8F6E29346DE000338A60 /* Build configuration list for PBXProject "PayFam" */ = {
			isa = XCConfigurationList;
			buildConfigurations = (
				CE2A8F7F29346DE000338A60 /* Debug */,
				CE2A8F8029346DE000338A60 /* Release */,
			);
			defaultConfigurationIsVisible = 0;
			defaultConfigurationName = Release;
		};
		CE2A8F8129346DE000338A60 /* Build configuration list for PBXNativeTarget "PayFam" */ = {
			isa = XCConfigurationList;
			buildConfigurations = (
				CE2A8F8229346DE000338A60 /* Debug */,
				CE2A8F8329346DE000338A60 /* Release */,
			);
			defaultConfigurationIsVisible = 0;
			defaultConfigurationName = Release;
		};
/* End XCConfigurationList section */

/* Begin XCRemoteSwiftPackageReference section */
		CE2A8F90293486AD00338A60 /* XCRemoteSwiftPackageReference "SwiftUIFontIcon" */ = {
			isa = XCRemoteSwiftPackageReference;
			repositoryURL = "https://github.com/huybuidac/SwiftUIFontIcon";
			requirement = {
				branch = master;
				kind = branch;
			};
		};
		CE93FF34293651E6007DCCE3 /* XCRemoteSwiftPackageReference "iPhoneNumberField" */ = {
			isa = XCRemoteSwiftPackageReference;
			repositoryURL = "https://github.com/MojtabaHs/iPhoneNumberField.git";
			requirement = {
				kind = upToNextMajorVersion;
				minimumVersion = 0.9.0;
			};
		};
		CE93FF3729366366007DCCE3 /* XCRemoteSwiftPackageReference "firebase-ios-sdk" */ = {
			isa = XCRemoteSwiftPackageReference;
			repositoryURL = "https://github.com/firebase/firebase-ios-sdk.git";
			requirement = {
				kind = upToNextMajorVersion;
				minimumVersion = 9.0.0;
			};
		};
		CED3DD112939452C002696A5 /* XCRemoteSwiftPackageReference "WalletConnectSwift" */ = {
			isa = XCRemoteSwiftPackageReference;
			repositoryURL = "https://github.com/penachett/WalletConnectSwift";
			requirement = {
				branch = master;
				kind = branch;
			};
		};
/* End XCRemoteSwiftPackageReference section */

/* Begin XCSwiftPackageProductDependency section */
		CE2A8F91293486AD00338A60 /* SwiftUIFontIcon */ = {
			isa = XCSwiftPackageProductDependency;
			package = CE2A8F90293486AD00338A60 /* XCRemoteSwiftPackageReference "SwiftUIFontIcon" */;
			productName = SwiftUIFontIcon;
		};
		CE93FF35293651E6007DCCE3 /* iPhoneNumberField */ = {
			isa = XCSwiftPackageProductDependency;
			package = CE93FF34293651E6007DCCE3 /* XCRemoteSwiftPackageReference "iPhoneNumberField" */;
			productName = iPhoneNumberField;
		};
		CE93FF3829366366007DCCE3 /* FirebaseAuth */ = {
			isa = XCSwiftPackageProductDependency;
			package = CE93FF3729366366007DCCE3 /* XCRemoteSwiftPackageReference "firebase-ios-sdk" */;
			productName = FirebaseAuth;
		};
		CE93FF3A29366366007DCCE3 /* FirebaseAuthCombine-Community */ = {
			isa = XCSwiftPackageProductDependency;
			package = CE93FF3729366366007DCCE3 /* XCRemoteSwiftPackageReference "firebase-ios-sdk" */;
			productName = "FirebaseAuthCombine-Community";
		};
		CE93FF3C29366366007DCCE3 /* FirebaseFirestore */ = {
			isa = XCSwiftPackageProductDependency;
			package = CE93FF3729366366007DCCE3 /* XCRemoteSwiftPackageReference "firebase-ios-sdk" */;
			productName = FirebaseFirestore;
		};
		CE93FF3E29366366007DCCE3 /* FirebaseFirestoreCombine-Community */ = {
			isa = XCSwiftPackageProductDependency;
			package = CE93FF3729366366007DCCE3 /* XCRemoteSwiftPackageReference "firebase-ios-sdk" */;
			productName = "FirebaseFirestoreCombine-Community";
		};
		CE93FF4029366366007DCCE3 /* FirebaseFirestoreSwift */ = {
			isa = XCSwiftPackageProductDependency;
			package = CE93FF3729366366007DCCE3 /* XCRemoteSwiftPackageReference "firebase-ios-sdk" */;
			productName = FirebaseFirestoreSwift;
		};
		CED3DD122939452C002696A5 /* WalletConnectSwift */ = {
			isa = XCSwiftPackageProductDependency;
			package = CED3DD112939452C002696A5 /* XCRemoteSwiftPackageReference "WalletConnectSwift" */;
			productName = WalletConnectSwift;
		};
/* End XCSwiftPackageProductDependency section */
	};
	rootObject = CE2A8F6B29346DE000338A60 /* Project object */;
}
